
Microsoft Visual Studio Solution File, Format Version 12.00
# 
Project("{FAE04EC0-301F-11D3-BF4B-00C04F79EFBC}") = "The Foo Bar .NET", "The Foo Bar .NET\The Foo Bar .NET.csproj", "{CE1B3CF9-B0BC-45CE-A5D5-9025AB783854}"
EndProject
Project("{FAE04EC0-301F-11D3-BF4B-00C04F79EFBC}") = "Application", "Application\Application.csproj", "{B9B83BA6-4409-4F81-9A6E-480E38F46AD1}"
EndProject
Project("{FAE04EC0-301F-11D3-BF4B-00C04F79EFBC}") = "Domain", "Domain\Domain.csproj", "{31F6E2C3-0D01-48C4-94C9-BE5D70062E41}"
EndProject
Project("{FAE04EC0-301F-11D3-BF4B-00C04F79EFBC}") = "Persistence", "Persistence\Persistence.csproj", "{41352D0D-82EF-46F6-A847-750E6704F89D}"
EndProject
Global
	GlobalSection(SolutionConfigurationPlatforms) = preSolution
		Debug|Any CPU = Debug|Any CPU
		Release|Any CPU = Release|Any CPU
	EndGlobalSection
	GlobalSection(ProjectConfigurationPlatforms) = postSolution
		{CE1B3CF9-B0BC-45CE-A5D5-9025AB783854}.Debug|Any CPU.ActiveCfg = Debug|Any CPU
		{CE1B3CF9-B0BC-45CE-A5D5-9025AB783854}.Debug|Any CPU.Build.0 = Debug|Any CPU
		{CE1B3CF9-B0BC-45CE-A5D5-9025AB783854}.Release|Any CPU.ActiveCfg = Release|Any CPU
		{CE1B3CF9-B0BC-45CE-A5D5-9025AB783854}.Release|Any CPU.Build.0 = Release|Any CPU
		{B9B83BA6-4409-4F81-9A6E-480E38F46AD1}.Debug|Any CPU.ActiveCfg = Debug|Any CPU
		{B9B83BA6-4409-4F81-9A6E-480E38F46AD1}.Debug|Any CPU.Build.0 = Debug|Any CPU
		{B9B83BA6-4409-4F81-9A6E-480E38F46AD1}.Release|Any CPU.ActiveCfg = Release|Any CPU
		{B9B83BA6-4409-4F81-9A6E-480E38F46AD1}.Release|Any CPU.Build.0 = Release|Any CPU
		{31F6E2C3-0D01-48C4-94C9-BE5D70062E41}.Debug|Any CPU.ActiveCfg = Debug|Any CPU
		{31F6E2C3-0D01-48C4-94C9-BE5D70062E41}.Debug|Any CPU.Build.0 = Debug|Any CPU
		{31F6E2C3-0D01-48C4-94C9-BE5D70062E41}.Release|Any CPU.ActiveCfg = Release|Any CPU
		{31F6E2C3-0D01-48C4-94C9-BE5D70062E41}.Release|Any CPU.Build.0 = Release|Any CPU
		{41352D0D-82EF-46F6-A847-750E6704F89D}.Debug|Any CPU.ActiveCfg = Debug|Any CPU
		{41352D0D-82EF-46F6-A847-750E6704F89D}.Debug|Any CPU.Build.0 = Debug|Any CPU
		{41352D0D-82EF-46F6-A847-750E6704F89D}.Release|Any CPU.ActiveCfg = Release|Any CPU
		{41352D0D-82EF-46F6-A847-750E6704F89D}.Release|Any CPU.Build.0 = Release|Any CPU
	EndGlobalSection
EndGlobal
